
Microsoft Visual Studio Solution File, Format Version 12.00
# Visual Studio Version 17
VisualStudioVersion = 17.13.35828.75 d17.13
MinimumVisualStudioVersion = 10.0.40219.1
Project("{FAE04EC0-301F-11D3-BF4B-00C04F79EFBC}") = "SourceTest2", "SourceTest2\SourceTest2.csproj", "{11736FB5-8CED-43B3-9B62-4F4A94DE7F5F}"
EndProject
Global
	GlobalSection(SolutionConfigurationPlatforms) = preSolution
		Debug|Any CPU = Debug|Any CPU
		Release|Any CPU = Release|Any CPU
	EndGlobalSection
	GlobalSection(ProjectConfigurationPlatforms) = postSolution
		{11736FB5-8CED-43B3-9B62-4F4A94DE7F5F}.Debug|Any CPU.ActiveCfg = Debug|Any CPU
		{11736FB5-8CED-43B3-9B62-4F4A94DE7F5F}.Debug|Any CPU.Build.0 = Debug|Any CPU
		{11736FB5-8CED-43B3-9B62-4F4A94DE7F5F}.Release|Any CPU.ActiveCfg = Release|Any CPU
		{11736FB5-8CED-43B3-9B62-4F4A94DE7F5F}.Release|Any CPU.Build.0 = Release|Any CPU
	EndGlobalSection
	GlobalSection(SolutionProperties) = preSolution
		HideSolutionNode = FALSE
	EndGlobalSection
	GlobalSection(ExtensibilityGlobals) = postSolution
		SolutionGuid = {282174E1-C338-41A7-B7D6-CEEC33BCA4AB}
	EndGlobalSection
EndGlobal
